<?xml version="1.0" encoding="UTF-8" standalone="yes" ?>
<CodeBlocks_project_file>
	<FileVersion major="1" minor="6" />
	<Project>
		<Option title="Testing Project1" />
		<Option pch_mode="2" />
		<Option compiler="gcc" />
		<Build>
			<Target title="Debug">
				<Option output="bin/Debug/Testing Project1" prefix_auto="1" extension_auto="1" />
				<Option object_output="obj/Debug/" />
				<Option type="1" />
				<Option compiler="gcc" />
				<Compiler>
					<Add option="-g" />
					<Add directory="include" />
				</Compiler>
			</Target>
			<Target title="Release">
				<Option output="bin/Release/Testing Project1" prefix_auto="1" extension_auto="1" />
				<Option object_output="obj/Release/" />
				<Option type="1" />
				<Option compiler="gcc" />
				<Compiler>
					<Add option="-O2" />
					<Add directory="include" />
				</Compiler>
				<Linker>
					<Add option="-s" />
				</Linker>
			</Target>
		</Build>
		<Compiler>
			<Add option="-Wall" />
			<Add option="-fexceptions" />
		</Compiler>
		<Unit filename="include/Bitmap.h" />
		<Unit filename="include/Block.h" />
		<Unit filename="include/Inode.h" />
		<Unit filename="include/InodeTable.h" />
		<Unit filename="include/SuperBlock.h" />
		<Unit filename="include/VirtualDisk.h" />
		<Unit filename="include/VirtualDiskManager.h" />
		<Unit filename="main.cpp" />
		<Unit filename="src/Bitmap.cpp" />
		<Unit filename="src/Block.cpp" />
		<Unit filename="src/Inode.cpp" />
		<Unit filename="src/InodeTable.cpp" />
		<Unit filename="src/SuperBlock.cpp" />
		<Unit filename="src/VirtualDisk.cpp" />
		<Unit filename="src/VirtualDiskManager.cpp" />
		<Extensions>
			<code_completion />
			<debugger />
		</Extensions>
	</Project>
</CodeBlocks_project_file>
